
Microsoft Visual Studio Solution File, Format Version 12.00
# Visual Studio 15
VisualStudioVersion = 15.0.27428.2027
MinimumVisualStudioVersion = 10.0.40219.1
Project("{151D2E53-A2C4-4D7D-83FE-D05416EBD58E}") = "MapPing.ResourceGroup", "MapPing.ResourceGroup\MapPing.ResourceGroup.deployproj", "{1E368DFB-90D5-40F4-89CB-8FB91F7DE3CC}"
EndProject
Project("{9A19103F-16F7-4668-BE54-9A1E7A4F7556}") = "MapPingCore.Common", "MapPingCore.Common\MapPingCore.Common.csproj", "{AF6BD8A4-A8FE-47BB-A40F-63B55FD85208}"
EndProject
Project("{2150E333-8FDC-42A3-9474-1A3956D46DE8}") = "Tests", "Tests", "{12C06E5C-26ED-4F92-9DF4-05DEC13BBFA4}"
EndProject
Project("{9A19103F-16F7-4668-BE54-9A1E7A4F7556}") = "MapPing.Tests.Geolocation", "MapPing.Tests.Geolocation\MapPing.Tests.Geolocation.csproj", "{D93D1346-EF0C-4DF0-8F0C-747C99B7CEE6}"
EndProject
Project("{9A19103F-16F7-4668-BE54-9A1E7A4F7556}") = "HttpClientMapper", "HttpClientMapper\HttpClientMapper.csproj", "{0D5D86AF-7CEA-483B-BD2E-72360741390A}"
EndProject
Project("{9A19103F-16F7-4668-BE54-9A1E7A4F7556}") = "Mapping.Function", "Mapping.Function\Mapping.Function.csproj", "{1242DBCF-3686-4687-B929-0CF5FF157A0B}"
EndProject
Project("{FAE04EC0-301F-11D3-BF4B-00C04F79EFBC}") = "Mapping.GeolocationServices", "Mapping.GeolocationServices\Mapping.GeolocationServices.csproj", "{46833BAA-D4BD-4DD8-8F90-5DB3949C71E3}"
EndProject
Global
	GlobalSection(SolutionConfigurationPlatforms) = preSolution
		Debug|Any CPU = Debug|Any CPU
		Release|Any CPU = Release|Any CPU
	EndGlobalSection
	GlobalSection(ProjectConfigurationPlatforms) = postSolution
		{1E368DFB-90D5-40F4-89CB-8FB91F7DE3CC}.Debug|Any CPU.ActiveCfg = Debug|Any CPU
		{1E368DFB-90D5-40F4-89CB-8FB91F7DE3CC}.Debug|Any CPU.Build.0 = Debug|Any CPU
		{1E368DFB-90D5-40F4-89CB-8FB91F7DE3CC}.Release|Any CPU.ActiveCfg = Release|Any CPU
		{1E368DFB-90D5-40F4-89CB-8FB91F7DE3CC}.Release|Any CPU.Build.0 = Release|Any CPU
		{AF6BD8A4-A8FE-47BB-A40F-63B55FD85208}.Debug|Any CPU.ActiveCfg = Debug|Any CPU
		{AF6BD8A4-A8FE-47BB-A40F-63B55FD85208}.Debug|Any CPU.Build.0 = Debug|Any CPU
		{AF6BD8A4-A8FE-47BB-A40F-63B55FD85208}.Release|Any CPU.ActiveCfg = Release|Any CPU
		{AF6BD8A4-A8FE-47BB-A40F-63B55FD85208}.Release|Any CPU.Build.0 = Release|Any CPU
		{D93D1346-EF0C-4DF0-8F0C-747C99B7CEE6}.Debug|Any CPU.ActiveCfg = Debug|Any CPU
		{D93D1346-EF0C-4DF0-8F0C-747C99B7CEE6}.Debug|Any CPU.Build.0 = Debug|Any CPU
		{D93D1346-EF0C-4DF0-8F0C-747C99B7CEE6}.Release|Any CPU.ActiveCfg = Release|Any CPU
		{D93D1346-EF0C-4DF0-8F0C-747C99B7CEE6}.Release|Any CPU.Build.0 = Release|Any CPU
		{0D5D86AF-7CEA-483B-BD2E-72360741390A}.Debug|Any CPU.ActiveCfg = Debug|Any CPU
		{0D5D86AF-7CEA-483B-BD2E-72360741390A}.Debug|Any CPU.Build.0 = Debug|Any CPU
		{0D5D86AF-7CEA-483B-BD2E-72360741390A}.Release|Any CPU.ActiveCfg = Release|Any CPU
		{0D5D86AF-7CEA-483B-BD2E-72360741390A}.Release|Any CPU.Build.0 = Release|Any CPU
		{1242DBCF-3686-4687-B929-0CF5FF157A0B}.Debug|Any CPU.ActiveCfg = Debug|Any CPU
		{1242DBCF-3686-4687-B929-0CF5FF157A0B}.Debug|Any CPU.Build.0 = Debug|Any CPU
		{1242DBCF-3686-4687-B929-0CF5FF157A0B}.Release|Any CPU.ActiveCfg = Release|Any CPU
		{1242DBCF-3686-4687-B929-0CF5FF157A0B}.Release|Any CPU.Build.0 = Release|Any CPU
		{46833BAA-D4BD-4DD8-8F90-5DB3949C71E3}.Debug|Any CPU.ActiveCfg = Debug|Any CPU
		{46833BAA-D4BD-4DD8-8F90-5DB3949C71E3}.Debug|Any CPU.Build.0 = Debug|Any CPU
		{46833BAA-D4BD-4DD8-8F90-5DB3949C71E3}.Release|Any CPU.ActiveCfg = Release|Any CPU
		{46833BAA-D4BD-4DD8-8F90-5DB3949C71E3}.Release|Any CPU.Build.0 = Release|Any CPU
	EndGlobalSection
	GlobalSection(SolutionProperties) = preSolution
		HideSolutionNode = FALSE
	EndGlobalSection
	GlobalSection(NestedProjects) = preSolution
		{D93D1346-EF0C-4DF0-8F0C-747C99B7CEE6} = {12C06E5C-26ED-4F92-9DF4-05DEC13BBFA4}
	EndGlobalSection
	GlobalSection(ExtensibilityGlobals) = postSolution
		SolutionGuid = {52ED84D0-97B6-49F1-9100-8A6FEFBDB28F}
	EndGlobalSection
EndGlobal
